
Microsoft Visual Studio Solution File, Format Version 12.00
# Visual Studio Version 17
VisualStudioVersion = 17.4.33213.308
MinimumVisualStudioVersion = 10.0.40219.1
Project("{FAE04EC0-301F-11D3-BF4B-00C04F79EFBC}") = "Week3IfAndSwitch", "Week3IfAndSwitch\Week3IfAndSwitch.csproj", "{DAA5CCF6-D97A-4812-81DE-CAD1190EBCDA}"
EndProject
Project("{FAE04EC0-301F-11D3-BF4B-00C04F79EFBC}") = "OddOrEven", "OddOrEven\OddOrEven.csproj", "{8F658B6C-2425-4092-AFD4-F20F348BF3B9}"
EndProject
Project("{FAE04EC0-301F-11D3-BF4B-00C04F79EFBC}") = "IfDayOfTheWeek", "IfDayOfTheWeek\IfDayOfTheWeek.csproj", "{5870A431-352F-4E01-A66A-B93DACAF9009}"
EndProject
Project("{FAE04EC0-301F-11D3-BF4B-00C04F79EFBC}") = "SwitchDayOfTheWeek", "SwitchDayOfTheWeek\SwitchDayOfTheWeek.csproj", "{E5D09393-68D2-46A3-8984-57B3E90A0349}"
EndProject
Global
	GlobalSection(SolutionConfigurationPlatforms) = preSolution
		Debug|Any CPU = Debug|Any CPU
		Release|Any CPU = Release|Any CPU
	EndGlobalSection
	GlobalSection(ProjectConfigurationPlatforms) = postSolution
		{DAA5CCF6-D97A-4812-81DE-CAD1190EBCDA}.Debug|Any CPU.ActiveCfg = Debug|Any CPU
		{DAA5CCF6-D97A-4812-81DE-CAD1190EBCDA}.Debug|Any CPU.Build.0 = Debug|Any CPU
		{DAA5CCF6-D97A-4812-81DE-CAD1190EBCDA}.Release|Any CPU.ActiveCfg = Release|Any CPU
		{DAA5CCF6-D97A-4812-81DE-CAD1190EBCDA}.Release|Any CPU.Build.0 = Release|Any CPU
		{8F658B6C-2425-4092-AFD4-F20F348BF3B9}.Debug|Any CPU.ActiveCfg = Debug|Any CPU
		{8F658B6C-2425-4092-AFD4-F20F348BF3B9}.Debug|Any CPU.Build.0 = Debug|Any CPU
		{8F658B6C-2425-4092-AFD4-F20F348BF3B9}.Release|Any CPU.ActiveCfg = Release|Any CPU
		{8F658B6C-2425-4092-AFD4-F20F348BF3B9}.Release|Any CPU.Build.0 = Release|Any CPU
		{5870A431-352F-4E01-A66A-B93DACAF9009}.Debug|Any CPU.ActiveCfg = Debug|Any CPU
		{5870A431-352F-4E01-A66A-B93DACAF9009}.Debug|Any CPU.Build.0 = Debug|Any CPU
		{5870A431-352F-4E01-A66A-B93DACAF9009}.Release|Any CPU.ActiveCfg = Release|Any CPU
		{5870A431-352F-4E01-A66A-B93DACAF9009}.Release|Any CPU.Build.0 = Release|Any CPU
		{E5D09393-68D2-46A3-8984-57B3E90A0349}.Debug|Any CPU.ActiveCfg = Debug|Any CPU
		{E5D09393-68D2-46A3-8984-57B3E90A0349}.Debug|Any CPU.Build.0 = Debug|Any CPU
		{E5D09393-68D2-46A3-8984-57B3E90A0349}.Release|Any CPU.ActiveCfg = Release|Any CPU
		{E5D09393-68D2-46A3-8984-57B3E90A0349}.Release|Any CPU.Build.0 = Release|Any CPU
	EndGlobalSection
	GlobalSection(SolutionProperties) = preSolution
		HideSolutionNode = FALSE
	EndGlobalSection
	GlobalSection(ExtensibilityGlobals) = postSolution
		SolutionGuid = {A08D6EF6-ED5D-486B-ADD8-D23775E0CFC9}
	EndGlobalSection
EndGlobal
